
Microsoft Visual Studio Solution File, Format Version 12.00
# Visual Studio Version 16
VisualStudioVersion = 16.0.29215.179
MinimumVisualStudioVersion = 10.0.40219.1
Project("{FAE04EC0-301F-11D3-BF4B-00C04F79EFBC}") = "FavoriteThings", "FavoriteThings\FavoriteThings.csproj", "{0B5D4744-3707-4A82-A356-A8460BBF3C65}"
EndProject
Global
	GlobalSection(SolutionConfigurationPlatforms) = preSolution
		Debug|Any CPU = Debug|Any CPU
		Release|Any CPU = Release|Any CPU
	EndGlobalSection
	GlobalSection(ProjectConfigurationPlatforms) = postSolution
		{0B5D4744-3707-4A82-A356-A8460BBF3C65}.Debug|Any CPU.ActiveCfg = Debug|Any CPU
		{0B5D4744-3707-4A82-A356-A8460BBF3C65}.Debug|Any CPU.Build.0 = Debug|Any CPU
		{0B5D4744-3707-4A82-A356-A8460BBF3C65}.Release|Any CPU.ActiveCfg = Release|Any CPU
		{0B5D4744-3707-4A82-A356-A8460BBF3C65}.Release|Any CPU.Build.0 = Release|Any CPU
	EndGlobalSection
	GlobalSection(SolutionProperties) = preSolution
		HideSolutionNode = FALSE
	EndGlobalSection
	GlobalSection(ExtensibilityGlobals) = postSolution
		SolutionGuid = {F0DA98B1-A5BA-4D34-B75B-5CE80A0D7F19}
	EndGlobalSection
EndGlobal
